
Microsoft Visual Studio Solution File, Format Version 12.00
# Visual Studio 15
VisualStudioVersion = 15.0.27004.2008
MinimumVisualStudioVersion = 10.0.40219.1
Project("{FAE04EC0-301F-11D3-BF4B-00C04F79EFBC}") = "MathematicalMorphology", "MathematicalMorphology\MathematicalMorphology.csproj", "{0764EDA8-86F3-4AEB-9194-C55D3C43310A}"
EndProject
Global
	GlobalSection(SolutionConfigurationPlatforms) = preSolution
		Debug|Any CPU = Debug|Any CPU
		Release|Any CPU = Release|Any CPU
	EndGlobalSection
	GlobalSection(ProjectConfigurationPlatforms) = postSolution
		{0764EDA8-86F3-4AEB-9194-C55D3C43310A}.Debug|Any CPU.ActiveCfg = Debug|Any CPU
		{0764EDA8-86F3-4AEB-9194-C55D3C43310A}.Debug|Any CPU.Build.0 = Debug|Any CPU
		{0764EDA8-86F3-4AEB-9194-C55D3C43310A}.Release|Any CPU.ActiveCfg = Release|Any CPU
		{0764EDA8-86F3-4AEB-9194-C55D3C43310A}.Release|Any CPU.Build.0 = Release|Any CPU
	EndGlobalSection
	GlobalSection(SolutionProperties) = preSolution
		HideSolutionNode = FALSE
	EndGlobalSection
	GlobalSection(ExtensibilityGlobals) = postSolution
		SolutionGuid = {A5F0265A-ECEF-4FF6-A649-8DA6B0C9FE6A}
	EndGlobalSection
EndGlobal
